
Microsoft Visual Studio Solution File, Format Version 12.00
# Visual Studio Version 16
VisualStudioVersion = 16.0.29911.84
MinimumVisualStudioVersion = 10.0.40219.1
Project("{FAE04EC0-301F-11D3-BF4B-00C04F79EFBC}") = "Generic", "Saguir\Generic.csproj", "{FC776FAC-D3DE-4789-92FB-45C23718357F}"
EndProject
Project("{9A19103F-16F7-4668-BE54-9A1E7A4F7556}") = "WebApi", "AuthJWT\WebApi.csproj", "{A9F2D77D-C368-4C37-870D-1DE971180394}"
EndProject
Project("{2150E333-8FDC-42A3-9474-1A3956D46DE8}") = "Libraries", "Libraries", "{7031DACF-5AC0-46ED-BEAE-8F36169DFEA3}"
EndProject
Project("{FAE04EC0-301F-11D3-BF4B-00C04F79EFBC}") = "ModelStructure", "ModelStructure\ModelStructure.csproj", "{352BCB4D-A062-4A66-8835-267FF642C770}"
EndProject
Global
	GlobalSection(SolutionConfigurationPlatforms) = preSolution
		Debug|Any CPU = Debug|Any CPU
		Release|Any CPU = Release|Any CPU
	EndGlobalSection
	GlobalSection(ProjectConfigurationPlatforms) = postSolution
		{FC776FAC-D3DE-4789-92FB-45C23718357F}.Debug|Any CPU.ActiveCfg = Debug|Any CPU
		{FC776FAC-D3DE-4789-92FB-45C23718357F}.Debug|Any CPU.Build.0 = Debug|Any CPU
		{FC776FAC-D3DE-4789-92FB-45C23718357F}.Release|Any CPU.ActiveCfg = Release|Any CPU
		{FC776FAC-D3DE-4789-92FB-45C23718357F}.Release|Any CPU.Build.0 = Release|Any CPU
		{A9F2D77D-C368-4C37-870D-1DE971180394}.Debug|Any CPU.ActiveCfg = Debug|Any CPU
		{A9F2D77D-C368-4C37-870D-1DE971180394}.Debug|Any CPU.Build.0 = Debug|Any CPU
		{A9F2D77D-C368-4C37-870D-1DE971180394}.Release|Any CPU.ActiveCfg = Release|Any CPU
		{A9F2D77D-C368-4C37-870D-1DE971180394}.Release|Any CPU.Build.0 = Release|Any CPU
		{352BCB4D-A062-4A66-8835-267FF642C770}.Debug|Any CPU.ActiveCfg = Debug|Any CPU
		{352BCB4D-A062-4A66-8835-267FF642C770}.Debug|Any CPU.Build.0 = Debug|Any CPU
		{352BCB4D-A062-4A66-8835-267FF642C770}.Release|Any CPU.ActiveCfg = Release|Any CPU
		{352BCB4D-A062-4A66-8835-267FF642C770}.Release|Any CPU.Build.0 = Release|Any CPU
	EndGlobalSection
	GlobalSection(SolutionProperties) = preSolution
		HideSolutionNode = FALSE
	EndGlobalSection
	GlobalSection(NestedProjects) = preSolution
		{352BCB4D-A062-4A66-8835-267FF642C770} = {7031DACF-5AC0-46ED-BEAE-8F36169DFEA3}
	EndGlobalSection
	GlobalSection(ExtensibilityGlobals) = postSolution
		SolutionGuid = {02EA500F-496B-44A1-9461-EE2C20C39FFA}
	EndGlobalSection
EndGlobal
